
Microsoft Visual Studio Solution File, Format Version 12.00
# Visual Studio 15
VisualStudioVersion = 15.0.28010.0
MinimumVisualStudioVersion = 10.0.40219.1
Project("{9A19103F-16F7-4668-BE54-9A1E7A4F7556}") = "VectorClocks", "VectorClocks\VectorClocks.csproj", "{BB3BCF05-1579-4C64-840E-102B625DBC11}"
EndProject
Project("{9A19103F-16F7-4668-BE54-9A1E7A4F7556}") = "VectorClocks.Tests", "VectorClocks.Tests\VectorClocks.Tests.csproj", "{AB291E83-16A5-43F6-9789-8227607616CB}"
EndProject
Project("{9A19103F-16F7-4668-BE54-9A1E7A4F7556}") = "VectorClocks.Benchmarks", "VectorClocks.Benchmarks\VectorClocks.Benchmarks.csproj", "{C38D01EF-ED4F-440F-AF60-286F0E04BB12}"
EndProject
Global
	GlobalSection(SolutionConfigurationPlatforms) = preSolution
		Debug|Any CPU = Debug|Any CPU
		Release|Any CPU = Release|Any CPU
	EndGlobalSection
	GlobalSection(ProjectConfigurationPlatforms) = postSolution
		{BB3BCF05-1579-4C64-840E-102B625DBC11}.Debug|Any CPU.ActiveCfg = Debug|Any CPU
		{BB3BCF05-1579-4C64-840E-102B625DBC11}.Debug|Any CPU.Build.0 = Debug|Any CPU
		{BB3BCF05-1579-4C64-840E-102B625DBC11}.Release|Any CPU.ActiveCfg = Release|Any CPU
		{BB3BCF05-1579-4C64-840E-102B625DBC11}.Release|Any CPU.Build.0 = Release|Any CPU
		{AB291E83-16A5-43F6-9789-8227607616CB}.Debug|Any CPU.ActiveCfg = Debug|Any CPU
		{AB291E83-16A5-43F6-9789-8227607616CB}.Debug|Any CPU.Build.0 = Debug|Any CPU
		{AB291E83-16A5-43F6-9789-8227607616CB}.Release|Any CPU.ActiveCfg = Release|Any CPU
		{AB291E83-16A5-43F6-9789-8227607616CB}.Release|Any CPU.Build.0 = Release|Any CPU
		{C38D01EF-ED4F-440F-AF60-286F0E04BB12}.Debug|Any CPU.ActiveCfg = Debug|Any CPU
		{C38D01EF-ED4F-440F-AF60-286F0E04BB12}.Debug|Any CPU.Build.0 = Debug|Any CPU
		{C38D01EF-ED4F-440F-AF60-286F0E04BB12}.Release|Any CPU.ActiveCfg = Release|Any CPU
		{C38D01EF-ED4F-440F-AF60-286F0E04BB12}.Release|Any CPU.Build.0 = Release|Any CPU
	EndGlobalSection
	GlobalSection(SolutionProperties) = preSolution
		HideSolutionNode = FALSE
	EndGlobalSection
	GlobalSection(ExtensibilityGlobals) = postSolution
		SolutionGuid = {F94B6891-AC99-4A72-880B-363D277FA3AD}
	EndGlobalSection
EndGlobal
