
Microsoft Visual Studio Solution File, Format Version 12.00
# Visual Studio 15
VisualStudioVersion = 15.0.28010.0
MinimumVisualStudioVersion = 10.0.40219.1
Project("{FAE04EC0-301F-11D3-BF4B-00C04F79EFBC}") = "VectorClocks", "VectorClocks\VectorClocks.csproj", "{7A93DD06-EA30-4EDB-B61E-28C147A4148D}"
EndProject
Global
	GlobalSection(SolutionConfigurationPlatforms) = preSolution
		Debug|Any CPU = Debug|Any CPU
		Release|Any CPU = Release|Any CPU
	EndGlobalSection
	GlobalSection(ProjectConfigurationPlatforms) = postSolution
		{7A93DD06-EA30-4EDB-B61E-28C147A4148D}.Debug|Any CPU.ActiveCfg = Debug|Any CPU
		{7A93DD06-EA30-4EDB-B61E-28C147A4148D}.Debug|Any CPU.Build.0 = Debug|Any CPU
		{7A93DD06-EA30-4EDB-B61E-28C147A4148D}.Release|Any CPU.ActiveCfg = Release|Any CPU
		{7A93DD06-EA30-4EDB-B61E-28C147A4148D}.Release|Any CPU.Build.0 = Release|Any CPU
	EndGlobalSection
	GlobalSection(SolutionProperties) = preSolution
		HideSolutionNode = FALSE
	EndGlobalSection
	GlobalSection(ExtensibilityGlobals) = postSolution
		SolutionGuid = {F94B6891-AC99-4A72-880B-363D277FA3AD}
	EndGlobalSection
EndGlobal
